// !$*UTF8*$!
{
	archiveVersion = 1;
	classes = {
	};
	objectVersion = 56;
	objects = {

/* Begin PBXBuildFile section */
		CD3B09AC2B5CCC530059B655 /* FeedImageDataLoaderCacheDecoratorTests.swift in Sources */ = {isa = PBXBuildFile; fileRef = CD3B09AB2B5CCC530059B655 /* FeedImageDataLoaderCacheDecoratorTests.swift */; };
		CD3B09AE2B5D06270059B655 /* FeedImageDataLoaderSpy.swift in Sources */ = {isa = PBXBuildFile; fileRef = CD3B09AD2B5D06270059B655 /* FeedImageDataLoaderSpy.swift */; };
		CD3B09B02B5D076A0059B655 /* XCTestCase+FeedImageDataLoader.swift in Sources */ = {isa = PBXBuildFile; fileRef = CD3B09AF2B5D076A0059B655 /* XCTestCase+FeedImageDataLoader.swift */; };
		CD3C33B62B4AE54700521413 /* FeedLoaderWithFallbackCompositeTests.swift in Sources */ = {isa = PBXBuildFile; fileRef = CD3C33B52B4AE54700521413 /* FeedLoaderWithFallbackCompositeTests.swift */; };
		CD5ADEEE2B5A7D2300179058 /* FeedImageDataLoaderWithFallbackComposite.swift in Sources */ = {isa = PBXBuildFile; fileRef = CD5ADEED2B5A7D2300179058 /* FeedImageDataLoaderWithFallbackComposite.swift */; };
		CD5ADEF12B5A7EE600179058 /* XCTestCase+MemoryLeakTracking.swift in Sources */ = {isa = PBXBuildFile; fileRef = CD5ADEF02B5A7EE600179058 /* XCTestCase+MemoryLeakTracking.swift */; };
		CD5ADEF32B5A7FA700179058 /* SharedTestHelpers.swift in Sources */ = {isa = PBXBuildFile; fileRef = CD5ADEF22B5A7FA700179058 /* SharedTestHelpers.swift */; };
		CD5ADEF52B5BCC4300179058 /* FeedLoaderCacheDecoratorTests.swift in Sources */ = {isa = PBXBuildFile; fileRef = CD5ADEF42B5BCC4300179058 /* FeedLoaderCacheDecoratorTests.swift */; };
		CD5ADEF82B5BD23100179058 /* EssentialFeed.framework in Frameworks */ = {isa = PBXBuildFile; fileRef = CD5ADEF72B5BD23100179058 /* EssentialFeed.framework */; };
		CD5ADEF92B5BD23100179058 /* EssentialFeed.framework in Embed Frameworks */ = {isa = PBXBuildFile; fileRef = CD5ADEF72B5BD23100179058 /* EssentialFeed.framework */; settings = {ATTRIBUTES = (CodeSignOnCopy, RemoveHeadersOnCopy, ); }; };
		CD5ADEFC2B5BD23F00179058 /* EssentialFeediOS.framework in Frameworks */ = {isa = PBXBuildFile; fileRef = CD5ADEFB2B5BD23F00179058 /* EssentialFeediOS.framework */; };
		CD5ADEFD2B5BD23F00179058 /* EssentialFeediOS.framework in Embed Frameworks */ = {isa = PBXBuildFile; fileRef = CD5ADEFB2B5BD23F00179058 /* EssentialFeediOS.framework */; settings = {ATTRIBUTES = (CodeSignOnCopy, RemoveHeadersOnCopy, ); }; };
		CD5ADEFF2B5BD41900179058 /* FeedLoaderStub.swift in Sources */ = {isa = PBXBuildFile; fileRef = CD5ADEFE2B5BD41900179058 /* FeedLoaderStub.swift */; };
		CD9AD6012B569D0D0049C6B0 /* FeedLoaderWithFallbackComposite.swift in Sources */ = {isa = PBXBuildFile; fileRef = CD9AD6002B569D0D0049C6B0 /* FeedLoaderWithFallbackComposite.swift */; };
		CD9AD6032B569ED00049C6B0 /* FeedImageDataLoaderWithFallbackCompositeTests.swift in Sources */ = {isa = PBXBuildFile; fileRef = CD9AD6022B569ED00049C6B0 /* FeedImageDataLoaderWithFallbackCompositeTests.swift */; };
		CDA007032B5BEBFC00BED413 /* XCTestCase+FeedLoader.swift in Sources */ = {isa = PBXBuildFile; fileRef = CDA007022B5BEBFC00BED413 /* XCTestCase+FeedLoader.swift */; };
		CDAD6F132B5BFB8700BE0C5B /* FeedLoaderCacheDecorator.swift in Sources */ = {isa = PBXBuildFile; fileRef = CDAD6F122B5BFB8700BE0C5B /* FeedLoaderCacheDecorator.swift */; };
		CDB8A4E12B4139C000066840 /* AppDelegate.swift in Sources */ = {isa = PBXBuildFile; fileRef = CDB8A4E02B4139C000066840 /* AppDelegate.swift */; };
		CDB8A4E32B4139C000066840 /* SceneDelegate.swift in Sources */ = {isa = PBXBuildFile; fileRef = CDB8A4E22B4139C000066840 /* SceneDelegate.swift */; };
		CDB8A4E52B4139C000066840 /* ViewController.swift in Sources */ = {isa = PBXBuildFile; fileRef = CDB8A4E42B4139C000066840 /* ViewController.swift */; };
		CDB8A4E82B4139C000066840 /* Main.storyboard in Resources */ = {isa = PBXBuildFile; fileRef = CDB8A4E62B4139C000066840 /* Main.storyboard */; };
		CDB8A4EA2B4139C300066840 /* Assets.xcassets in Resources */ = {isa = PBXBuildFile; fileRef = CDB8A4E92B4139C300066840 /* Assets.xcassets */; };
		CDB8A4ED2B4139C300066840 /* LaunchScreen.storyboard in Resources */ = {isa = PBXBuildFile; fileRef = CDB8A4EB2B4139C300066840 /* LaunchScreen.storyboard */; };
		CDC22F642B5D49CA00996B94 /* FeedImageDataLoaderCacheDecorator.swift in Sources */ = {isa = PBXBuildFile; fileRef = CDC22F632B5D49CA00996B94 /* FeedImageDataLoaderCacheDecorator.swift */; };
		CDC458D22B63D5F100023D31 /* EssentialAppUIAcceptanceTests.swift in Sources */ = {isa = PBXBuildFile; fileRef = CDC458D12B63D5F100023D31 /* EssentialAppUIAcceptanceTests.swift */; };
/* End PBXBuildFile section */

/* Begin PBXContainerItemProxy section */
		CDB8A4F42B4139C300066840 /* PBXContainerItemProxy */ = {
			isa = PBXContainerItemProxy;
			containerPortal = CDB8A4D52B4139C000066840 /* Project object */;
			proxyType = 1;
			remoteGlobalIDString = CDB8A4DC2B4139C000066840;
			remoteInfo = EssentialApp;
		};
		CDC458D52B63D5F100023D31 /* PBXContainerItemProxy */ = {
			isa = PBXContainerItemProxy;
			containerPortal = CDB8A4D52B4139C000066840 /* Project object */;
			proxyType = 1;
			remoteGlobalIDString = CDB8A4DC2B4139C000066840;
			remoteInfo = EssentialApp;
		};
/* End PBXContainerItemProxy section */

/* Begin PBXCopyFilesBuildPhase section */
		CD5ADEFA2B5BD23200179058 /* Embed Frameworks */ = {
			isa = PBXCopyFilesBuildPhase;
			buildActionMask = 2147483647;
			dstPath = "";
			dstSubfolderSpec = 10;
			files = (
				CD5ADEF92B5BD23100179058 /* EssentialFeed.framework in Embed Frameworks */,
				CD5ADEFD2B5BD23F00179058 /* EssentialFeediOS.framework in Embed Frameworks */,
			);
			name = "Embed Frameworks";
			runOnlyForDeploymentPostprocessing = 0;
		};
/* End PBXCopyFilesBuildPhase section */

/* Begin PBXFileReference section */
		CD3B09AB2B5CCC530059B655 /* FeedImageDataLoaderCacheDecoratorTests.swift */ = {isa = PBXFileReference; lastKnownFileType = sourcecode.swift; path = FeedImageDataLoaderCacheDecoratorTests.swift; sourceTree = "<group>"; };
		CD3B09AD2B5D06270059B655 /* FeedImageDataLoaderSpy.swift */ = {isa = PBXFileReference; lastKnownFileType = sourcecode.swift; path = FeedImageDataLoaderSpy.swift; sourceTree = "<group>"; };
		CD3B09AF2B5D076A0059B655 /* XCTestCase+FeedImageDataLoader.swift */ = {isa = PBXFileReference; lastKnownFileType = sourcecode.swift; path = "XCTestCase+FeedImageDataLoader.swift"; sourceTree = "<group>"; };
		CD3C33B52B4AE54700521413 /* FeedLoaderWithFallbackCompositeTests.swift */ = {isa = PBXFileReference; lastKnownFileType = sourcecode.swift; path = FeedLoaderWithFallbackCompositeTests.swift; sourceTree = "<group>"; };
		CD5ADEED2B5A7D2300179058 /* FeedImageDataLoaderWithFallbackComposite.swift */ = {isa = PBXFileReference; lastKnownFileType = sourcecode.swift; path = FeedImageDataLoaderWithFallbackComposite.swift; sourceTree = "<group>"; };
		CD5ADEF02B5A7EE600179058 /* XCTestCase+MemoryLeakTracking.swift */ = {isa = PBXFileReference; lastKnownFileType = sourcecode.swift; path = "XCTestCase+MemoryLeakTracking.swift"; sourceTree = "<group>"; };
		CD5ADEF22B5A7FA700179058 /* SharedTestHelpers.swift */ = {isa = PBXFileReference; lastKnownFileType = sourcecode.swift; path = SharedTestHelpers.swift; sourceTree = "<group>"; };
		CD5ADEF42B5BCC4300179058 /* FeedLoaderCacheDecoratorTests.swift */ = {isa = PBXFileReference; lastKnownFileType = sourcecode.swift; path = FeedLoaderCacheDecoratorTests.swift; sourceTree = "<group>"; };
		CD5ADEF72B5BD23100179058 /* EssentialFeed.framework */ = {isa = PBXFileReference; explicitFileType = wrapper.framework; path = EssentialFeed.framework; sourceTree = BUILT_PRODUCTS_DIR; };
		CD5ADEFB2B5BD23F00179058 /* EssentialFeediOS.framework */ = {isa = PBXFileReference; explicitFileType = wrapper.framework; path = EssentialFeediOS.framework; sourceTree = BUILT_PRODUCTS_DIR; };
		CD5ADEFE2B5BD41900179058 /* FeedLoaderStub.swift */ = {isa = PBXFileReference; lastKnownFileType = sourcecode.swift; path = FeedLoaderStub.swift; sourceTree = "<group>"; };
		CD9AD6002B569D0D0049C6B0 /* FeedLoaderWithFallbackComposite.swift */ = {isa = PBXFileReference; lastKnownFileType = sourcecode.swift; path = FeedLoaderWithFallbackComposite.swift; sourceTree = "<group>"; };
		CD9AD6022B569ED00049C6B0 /* FeedImageDataLoaderWithFallbackCompositeTests.swift */ = {isa = PBXFileReference; lastKnownFileType = sourcecode.swift; path = FeedImageDataLoaderWithFallbackCompositeTests.swift; sourceTree = "<group>"; };
		CDA007022B5BEBFC00BED413 /* XCTestCase+FeedLoader.swift */ = {isa = PBXFileReference; lastKnownFileType = sourcecode.swift; path = "XCTestCase+FeedLoader.swift"; sourceTree = "<group>"; };
		CDAD6F122B5BFB8700BE0C5B /* FeedLoaderCacheDecorator.swift */ = {isa = PBXFileReference; lastKnownFileType = sourcecode.swift; path = FeedLoaderCacheDecorator.swift; sourceTree = "<group>"; };
		CDB8A4DD2B4139C000066840 /* EssentialApp.app */ = {isa = PBXFileReference; explicitFileType = wrapper.application; includeInIndex = 0; path = EssentialApp.app; sourceTree = BUILT_PRODUCTS_DIR; };
		CDB8A4E02B4139C000066840 /* AppDelegate.swift */ = {isa = PBXFileReference; lastKnownFileType = sourcecode.swift; path = AppDelegate.swift; sourceTree = "<group>"; };
		CDB8A4E22B4139C000066840 /* SceneDelegate.swift */ = {isa = PBXFileReference; lastKnownFileType = sourcecode.swift; path = SceneDelegate.swift; sourceTree = "<group>"; };
		CDB8A4E42B4139C000066840 /* ViewController.swift */ = {isa = PBXFileReference; lastKnownFileType = sourcecode.swift; path = ViewController.swift; sourceTree = "<group>"; };
		CDB8A4E72B4139C000066840 /* Base */ = {isa = PBXFileReference; lastKnownFileType = file.storyboard; name = Base; path = Base.lproj/Main.storyboard; sourceTree = "<group>"; };
		CDB8A4E92B4139C300066840 /* Assets.xcassets */ = {isa = PBXFileReference; lastKnownFileType = folder.assetcatalog; path = Assets.xcassets; sourceTree = "<group>"; };
		CDB8A4EC2B4139C300066840 /* Base */ = {isa = PBXFileReference; lastKnownFileType = file.storyboard; name = Base; path = Base.lproj/LaunchScreen.storyboard; sourceTree = "<group>"; };
		CDB8A4EE2B4139C300066840 /* Info.plist */ = {isa = PBXFileReference; lastKnownFileType = text.plist.xml; path = Info.plist; sourceTree = "<group>"; };
		CDB8A4F32B4139C300066840 /* EssentialAppTests.xctest */ = {isa = PBXFileReference; explicitFileType = wrapper.cfbundle; includeInIndex = 0; path = EssentialAppTests.xctest; sourceTree = BUILT_PRODUCTS_DIR; };
		CDC22F632B5D49CA00996B94 /* FeedImageDataLoaderCacheDecorator.swift */ = {isa = PBXFileReference; lastKnownFileType = sourcecode.swift; path = FeedImageDataLoaderCacheDecorator.swift; sourceTree = "<group>"; };
		CDC458CF2B63D5F100023D31 /* EssentialAppUIAcceptanceTests.xctest */ = {isa = PBXFileReference; explicitFileType = wrapper.cfbundle; includeInIndex = 0; path = EssentialAppUIAcceptanceTests.xctest; sourceTree = BUILT_PRODUCTS_DIR; };
		CDC458D12B63D5F100023D31 /* EssentialAppUIAcceptanceTests.swift */ = {isa = PBXFileReference; lastKnownFileType = sourcecode.swift; path = EssentialAppUIAcceptanceTests.swift; sourceTree = "<group>"; };
/* End PBXFileReference section */

/* Begin PBXFrameworksBuildPhase section */
		CDB8A4DA2B4139C000066840 /* Frameworks */ = {
			isa = PBXFrameworksBuildPhase;
			buildActionMask = 2147483647;
			files = (
				CD5ADEF82B5BD23100179058 /* EssentialFeed.framework in Frameworks */,
				CD5ADEFC2B5BD23F00179058 /* EssentialFeediOS.framework in Frameworks */,
			);
			runOnlyForDeploymentPostprocessing = 0;
		};
		CDB8A4F02B4139C300066840 /* Frameworks */ = {
			isa = PBXFrameworksBuildPhase;
			buildActionMask = 2147483647;
			files = (
			);
			runOnlyForDeploymentPostprocessing = 0;
		};
		CDC458CC2B63D5F100023D31 /* Frameworks */ = {
			isa = PBXFrameworksBuildPhase;
			buildActionMask = 2147483647;
			files = (
			);
			runOnlyForDeploymentPostprocessing = 0;
		};
/* End PBXFrameworksBuildPhase section */

/* Begin PBXGroup section */
		CD5ADEEF2B5A7E9E00179058 /* Helpers */ = {
			isa = PBXGroup;
			children = (
				CD5ADEF02B5A7EE600179058 /* XCTestCase+MemoryLeakTracking.swift */,
				CDA007022B5BEBFC00BED413 /* XCTestCase+FeedLoader.swift */,
				CD3B09AF2B5D076A0059B655 /* XCTestCase+FeedImageDataLoader.swift */,
				CD5ADEF22B5A7FA700179058 /* SharedTestHelpers.swift */,
				CD5ADEFE2B5BD41900179058 /* FeedLoaderStub.swift */,
				CD3B09AD2B5D06270059B655 /* FeedImageDataLoaderSpy.swift */,
			);
			path = Helpers;
			sourceTree = "<group>";
		};
		CD5ADEF62B5BD23100179058 /* Frameworks */ = {
			isa = PBXGroup;
			children = (
				CD5ADEFB2B5BD23F00179058 /* EssentialFeediOS.framework */,
				CD5ADEF72B5BD23100179058 /* EssentialFeed.framework */,
			);
			name = Frameworks;
			sourceTree = "<group>";
		};
		CDB8A4D42B4139C000066840 = {
			isa = PBXGroup;
			children = (
				CDB8A4DF2B4139C000066840 /* EssentialApp */,
				CDB8A4F62B4139C300066840 /* EssentialAppTests */,
				CDC458D02B63D5F100023D31 /* EssentialAppUIAcceptanceTests */,
				CDB8A4DE2B4139C000066840 /* Products */,
				CD5ADEF62B5BD23100179058 /* Frameworks */,
			);
			sourceTree = "<group>";
		};
		CDB8A4DE2B4139C000066840 /* Products */ = {
			isa = PBXGroup;
			children = (
				CDB8A4DD2B4139C000066840 /* EssentialApp.app */,
				CDB8A4F32B4139C300066840 /* EssentialAppTests.xctest */,
				CDC458CF2B63D5F100023D31 /* EssentialAppUIAcceptanceTests.xctest */,
			);
			name = Products;
			sourceTree = "<group>";
		};
		CDB8A4DF2B4139C000066840 /* EssentialApp */ = {
			isa = PBXGroup;
			children = (
				CDB8A4E02B4139C000066840 /* AppDelegate.swift */,
				CDB8A4E22B4139C000066840 /* SceneDelegate.swift */,
				CD9AD6002B569D0D0049C6B0 /* FeedLoaderWithFallbackComposite.swift */,
				CD5ADEED2B5A7D2300179058 /* FeedImageDataLoaderWithFallbackComposite.swift */,
				CDAD6F122B5BFB8700BE0C5B /* FeedLoaderCacheDecorator.swift */,
				CDC22F632B5D49CA00996B94 /* FeedImageDataLoaderCacheDecorator.swift */,
				CDB8A4E42B4139C000066840 /* ViewController.swift */,
				CDB8A4E62B4139C000066840 /* Main.storyboard */,
				CDB8A4E92B4139C300066840 /* Assets.xcassets */,
				CDB8A4EB2B4139C300066840 /* LaunchScreen.storyboard */,
				CDB8A4EE2B4139C300066840 /* Info.plist */,
			);
			path = EssentialApp;
			sourceTree = "<group>";
		};
		CDB8A4F62B4139C300066840 /* EssentialAppTests */ = {
			isa = PBXGroup;
			children = (
				CD5ADEEF2B5A7E9E00179058 /* Helpers */,
				CD3C33B52B4AE54700521413 /* FeedLoaderWithFallbackCompositeTests.swift */,
				CD5ADEF42B5BCC4300179058 /* FeedLoaderCacheDecoratorTests.swift */,
				CD9AD6022B569ED00049C6B0 /* FeedImageDataLoaderWithFallbackCompositeTests.swift */,
				CD3B09AB2B5CCC530059B655 /* FeedImageDataLoaderCacheDecoratorTests.swift */,
			);
			path = EssentialAppTests;
			sourceTree = "<group>";
		};
		CDC458D02B63D5F100023D31 /* EssentialAppUIAcceptanceTests */ = {
			isa = PBXGroup;
			children = (
				CDC458D12B63D5F100023D31 /* EssentialAppUIAcceptanceTests.swift */,
			);
			path = EssentialAppUIAcceptanceTests;
			sourceTree = "<group>";
		};
/* End PBXGroup section */

/* Begin PBXNativeTarget section */
		CDB8A4DC2B4139C000066840 /* EssentialApp */ = {
			isa = PBXNativeTarget;
			buildConfigurationList = CDB8A5072B4139C300066840 /* Build configuration list for PBXNativeTarget "EssentialApp" */;
			buildPhases = (
				CDB8A4D92B4139C000066840 /* Sources */,
				CDB8A4DA2B4139C000066840 /* Frameworks */,
				CDB8A4DB2B4139C000066840 /* Resources */,
				CD5ADEFA2B5BD23200179058 /* Embed Frameworks */,
			);
			buildRules = (
			);
			dependencies = (
			);
			name = EssentialApp;
			productName = EssentialApp;
			productReference = CDB8A4DD2B4139C000066840 /* EssentialApp.app */;
			productType = "com.apple.product-type.application";
		};
		CDB8A4F22B4139C300066840 /* EssentialAppTests */ = {
			isa = PBXNativeTarget;
			buildConfigurationList = CDB8A50A2B4139C300066840 /* Build configuration list for PBXNativeTarget "EssentialAppTests" */;
			buildPhases = (
				CDB8A4EF2B4139C300066840 /* Sources */,
				CDB8A4F02B4139C300066840 /* Frameworks */,
				CDB8A4F12B4139C300066840 /* Resources */,
			);
			buildRules = (
			);
			dependencies = (
				CDB8A4F52B4139C300066840 /* PBXTargetDependency */,
			);
			name = EssentialAppTests;
			productName = EssentialAppTests;
			productReference = CDB8A4F32B4139C300066840 /* EssentialAppTests.xctest */;
			productType = "com.apple.product-type.bundle.unit-test";
		};
		CDC458CE2B63D5F100023D31 /* EssentialAppUIAcceptanceTests */ = {
			isa = PBXNativeTarget;
			buildConfigurationList = CDC458D92B63D5F100023D31 /* Build configuration list for PBXNativeTarget "EssentialAppUIAcceptanceTests" */;
			buildPhases = (
				CDC458CB2B63D5F100023D31 /* Sources */,
				CDC458CC2B63D5F100023D31 /* Frameworks */,
				CDC458CD2B63D5F100023D31 /* Resources */,
			);
			buildRules = (
			);
			dependencies = (
				CDC458D62B63D5F100023D31 /* PBXTargetDependency */,
			);
			name = EssentialAppUIAcceptanceTests;
			productName = EssentialAppUIAcceptanceTests;
			productReference = CDC458CF2B63D5F100023D31 /* EssentialAppUIAcceptanceTests.xctest */;
			productType = "com.apple.product-type.bundle.ui-testing";
		};
/* End PBXNativeTarget section */

/* Begin PBXProject section */
		CDB8A4D52B4139C000066840 /* Project object */ = {
			isa = PBXProject;
			attributes = {
				BuildIndependentTargetsInParallel = 1;
				LastSwiftUpdateCheck = 1430;
				LastUpgradeCheck = 1430;
				TargetAttributes = {
					CDB8A4DC2B4139C000066840 = {
						CreatedOnToolsVersion = 14.3.1;
					};
					CDB8A4F22B4139C300066840 = {
						CreatedOnToolsVersion = 14.3.1;
						TestTargetID = CDB8A4DC2B4139C000066840;
					};
					CDC458CE2B63D5F100023D31 = {
						CreatedOnToolsVersion = 14.3.1;
						TestTargetID = CDB8A4DC2B4139C000066840;
					};
				};
			};
			buildConfigurationList = CDB8A4D82B4139C000066840 /* Build configuration list for PBXProject "EssentialApp" */;
			compatibilityVersion = "Xcode 14.0";
			developmentRegion = en;
			hasScannedForEncodings = 0;
			knownRegions = (
				en,
				Base,
			);
			mainGroup = CDB8A4D42B4139C000066840;
			productRefGroup = CDB8A4DE2B4139C000066840 /* Products */;
			projectDirPath = "";
			projectRoot = "";
			targets = (
				CDB8A4DC2B4139C000066840 /* EssentialApp */,
				CDB8A4F22B4139C300066840 /* EssentialAppTests */,
				CDC458CE2B63D5F100023D31 /* EssentialAppUIAcceptanceTests */,
			);
		};
/* End PBXProject section */

/* Begin PBXResourcesBuildPhase section */
		CDB8A4DB2B4139C000066840 /* Resources */ = {
			isa = PBXResourcesBuildPhase;
			buildActionMask = 2147483647;
			files = (
				CDB8A4ED2B4139C300066840 /* LaunchScreen.storyboard in Resources */,
				CDB8A4EA2B4139C300066840 /* Assets.xcassets in Resources */,
				CDB8A4E82B4139C000066840 /* Main.storyboard in Resources */,
			);
			runOnlyForDeploymentPostprocessing = 0;
		};
		CDB8A4F12B4139C300066840 /* Resources */ = {
			isa = PBXResourcesBuildPhase;
			buildActionMask = 2147483647;
			files = (
			);
			runOnlyForDeploymentPostprocessing = 0;
		};
		CDC458CD2B63D5F100023D31 /* Resources */ = {
			isa = PBXResourcesBuildPhase;
			buildActionMask = 2147483647;
			files = (
			);
			runOnlyForDeploymentPostprocessing = 0;
		};
/* End PBXResourcesBuildPhase section */

/* Begin PBXSourcesBuildPhase section */
		CDB8A4D92B4139C000066840 /* Sources */ = {
			isa = PBXSourcesBuildPhase;
			buildActionMask = 2147483647;
			files = (
				CDB8A4E52B4139C000066840 /* ViewController.swift in Sources */,
				CDB8A4E12B4139C000066840 /* AppDelegate.swift in Sources */,
				CD9AD6012B569D0D0049C6B0 /* FeedLoaderWithFallbackComposite.swift in Sources */,
				CDAD6F132B5BFB8700BE0C5B /* FeedLoaderCacheDecorator.swift in Sources */,
				CDB8A4E32B4139C000066840 /* SceneDelegate.swift in Sources */,
				CD5ADEEE2B5A7D2300179058 /* FeedImageDataLoaderWithFallbackComposite.swift in Sources */,
				CDC22F642B5D49CA00996B94 /* FeedImageDataLoaderCacheDecorator.swift in Sources */,
			);
			runOnlyForDeploymentPostprocessing = 0;
		};
		CDB8A4EF2B4139C300066840 /* Sources */ = {
			isa = PBXSourcesBuildPhase;
			buildActionMask = 2147483647;
			files = (
				CD3C33B62B4AE54700521413 /* FeedLoaderWithFallbackCompositeTests.swift in Sources */,
				CD3B09AC2B5CCC530059B655 /* FeedImageDataLoaderCacheDecoratorTests.swift in Sources */,
				CDA007032B5BEBFC00BED413 /* XCTestCase+FeedLoader.swift in Sources */,
				CD3B09B02B5D076A0059B655 /* XCTestCase+FeedImageDataLoader.swift in Sources */,
				CD5ADEF52B5BCC4300179058 /* FeedLoaderCacheDecoratorTests.swift in Sources */,
				CD3B09AE2B5D06270059B655 /* FeedImageDataLoaderSpy.swift in Sources */,
				CD5ADEF12B5A7EE600179058 /* XCTestCase+MemoryLeakTracking.swift in Sources */,
				CD5ADEF32B5A7FA700179058 /* SharedTestHelpers.swift in Sources */,
				CD5ADEFF2B5BD41900179058 /* FeedLoaderStub.swift in Sources */,
				CD9AD6032B569ED00049C6B0 /* FeedImageDataLoaderWithFallbackCompositeTests.swift in Sources */,
			);
			runOnlyForDeploymentPostprocessing = 0;
		};
		CDC458CB2B63D5F100023D31 /* Sources */ = {
			isa = PBXSourcesBuildPhase;
			buildActionMask = 2147483647;
			files = (
				CDC458D22B63D5F100023D31 /* EssentialAppUIAcceptanceTests.swift in Sources */,
			);
			runOnlyForDeploymentPostprocessing = 0;
		};
/* End PBXSourcesBuildPhase section */

/* Begin PBXTargetDependency section */
		CDB8A4F52B4139C300066840 /* PBXTargetDependency */ = {
			isa = PBXTargetDependency;
			target = CDB8A4DC2B4139C000066840 /* EssentialApp */;
			targetProxy = CDB8A4F42B4139C300066840 /* PBXContainerItemProxy */;
		};
		CDC458D62B63D5F100023D31 /* PBXTargetDependency */ = {
			isa = PBXTargetDependency;
			target = CDB8A4DC2B4139C000066840 /* EssentialApp */;
			targetProxy = CDC458D52B63D5F100023D31 /* PBXContainerItemProxy */;
		};
/* End PBXTargetDependency section */

/* Begin PBXVariantGroup section */
		CDB8A4E62B4139C000066840 /* Main.storyboard */ = {
			isa = PBXVariantGroup;
			children = (
				CDB8A4E72B4139C000066840 /* Base */,
			);
			name = Main.storyboard;
			sourceTree = "<group>";
		};
		CDB8A4EB2B4139C300066840 /* LaunchScreen.storyboard */ = {
			isa = PBXVariantGroup;
			children = (
				CDB8A4EC2B4139C300066840 /* Base */,
			);
			name = LaunchScreen.storyboard;
			sourceTree = "<group>";
		};
/* End PBXVariantGroup section */

/* Begin XCBuildConfiguration section */
		CDB8A5052B4139C300066840 /* Debug */ = {
			isa = XCBuildConfiguration;
			buildSettings = {
				ALWAYS_SEARCH_USER_PATHS = NO;
				CLANG_ANALYZER_NONNULL = YES;
				CLANG_ANALYZER_NUMBER_OBJECT_CONVERSION = YES_AGGRESSIVE;
				CLANG_CXX_LANGUAGE_STANDARD = "gnu++20";
				CLANG_ENABLE_MODULES = YES;
				CLANG_ENABLE_OBJC_ARC = YES;
				CLANG_ENABLE_OBJC_WEAK = YES;
				CLANG_WARN_BLOCK_CAPTURE_AUTORELEASING = YES;
				CLANG_WARN_BOOL_CONVERSION = YES;
				CLANG_WARN_COMMA = YES;
				CLANG_WARN_CONSTANT_CONVERSION = YES;
				CLANG_WARN_DEPRECATED_OBJC_IMPLEMENTATIONS = YES;
				CLANG_WARN_DIRECT_OBJC_ISA_USAGE = YES_ERROR;
				CLANG_WARN_DOCUMENTATION_COMMENTS = YES;
				CLANG_WARN_EMPTY_BODY = YES;
				CLANG_WARN_ENUM_CONVERSION = YES;
				CLANG_WARN_INFINITE_RECURSION = YES;
				CLANG_WARN_INT_CONVERSION = YES;
				CLANG_WARN_NON_LITERAL_NULL_CONVERSION = YES;
				CLANG_WARN_OBJC_IMPLICIT_RETAIN_SELF = YES;
				CLANG_WARN_OBJC_LITERAL_CONVERSION = YES;
				CLANG_WARN_OBJC_ROOT_CLASS = YES_ERROR;
				CLANG_WARN_QUOTED_INCLUDE_IN_FRAMEWORK_HEADER = YES;
				CLANG_WARN_RANGE_LOOP_ANALYSIS = YES;
				CLANG_WARN_STRICT_PROTOTYPES = YES;
				CLANG_WARN_SUSPICIOUS_MOVE = YES;
				CLANG_WARN_UNGUARDED_AVAILABILITY = YES_AGGRESSIVE;
				CLANG_WARN_UNREACHABLE_CODE = YES;
				CLANG_WARN__DUPLICATE_METHOD_MATCH = YES;
				COPY_PHASE_STRIP = NO;
				DEBUG_INFORMATION_FORMAT = dwarf;
				ENABLE_STRICT_OBJC_MSGSEND = YES;
				ENABLE_TESTABILITY = YES;
				GCC_C_LANGUAGE_STANDARD = gnu11;
				GCC_DYNAMIC_NO_PIC = NO;
				GCC_NO_COMMON_BLOCKS = YES;
				GCC_OPTIMIZATION_LEVEL = 0;
				GCC_PREPROCESSOR_DEFINITIONS = (
					"DEBUG=1",
					"$(inherited)",
				);
				GCC_WARN_64_TO_32_BIT_CONVERSION = YES;
				GCC_WARN_ABOUT_RETURN_TYPE = YES_ERROR;
				GCC_WARN_UNDECLARED_SELECTOR = YES;
				GCC_WARN_UNINITIALIZED_AUTOS = YES_AGGRESSIVE;
				GCC_WARN_UNUSED_FUNCTION = YES;
				GCC_WARN_UNUSED_VARIABLE = YES;
				IPHONEOS_DEPLOYMENT_TARGET = 16.4;
				MTL_ENABLE_DEBUG_INFO = INCLUDE_SOURCE;
				MTL_FAST_MATH = YES;
				ONLY_ACTIVE_ARCH = YES;
				SDKROOT = iphoneos;
				SWIFT_ACTIVE_COMPILATION_CONDITIONS = DEBUG;
				SWIFT_OPTIMIZATION_LEVEL = "-Onone";
			};
			name = Debug;
		};
		CDB8A5062B4139C300066840 /* Release */ = {
			isa = XCBuildConfiguration;
			buildSettings = {
				ALWAYS_SEARCH_USER_PATHS = NO;
				CLANG_ANALYZER_NONNULL = YES;
				CLANG_ANALYZER_NUMBER_OBJECT_CONVERSION = YES_AGGRESSIVE;
				CLANG_CXX_LANGUAGE_STANDARD = "gnu++20";
				CLANG_ENABLE_MODULES = YES;
				CLANG_ENABLE_OBJC_ARC = YES;
				CLANG_ENABLE_OBJC_WEAK = YES;
				CLANG_WARN_BLOCK_CAPTURE_AUTORELEASING = YES;
				CLANG_WARN_BOOL_CONVERSION = YES;
				CLANG_WARN_COMMA = YES;
				CLANG_WARN_CONSTANT_CONVERSION = YES;
				CLANG_WARN_DEPRECATED_OBJC_IMPLEMENTATIONS = YES;
				CLANG_WARN_DIRECT_OBJC_ISA_USAGE = YES_ERROR;
				CLANG_WARN_DOCUMENTATION_COMMENTS = YES;
				CLANG_WARN_EMPTY_BODY = YES;
				CLANG_WARN_ENUM_CONVERSION = YES;
				CLANG_WARN_INFINITE_RECURSION = YES;
				CLANG_WARN_INT_CONVERSION = YES;
				CLANG_WARN_NON_LITERAL_NULL_CONVERSION = YES;
				CLANG_WARN_OBJC_IMPLICIT_RETAIN_SELF = YES;
				CLANG_WARN_OBJC_LITERAL_CONVERSION = YES;
				CLANG_WARN_OBJC_ROOT_CLASS = YES_ERROR;
				CLANG_WARN_QUOTED_INCLUDE_IN_FRAMEWORK_HEADER = YES;
				CLANG_WARN_RANGE_LOOP_ANALYSIS = YES;
				CLANG_WARN_STRICT_PROTOTYPES = YES;
				CLANG_WARN_SUSPICIOUS_MOVE = YES;
				CLANG_WARN_UNGUARDED_AVAILABILITY = YES_AGGRESSIVE;
				CLANG_WARN_UNREACHABLE_CODE = YES;
				CLANG_WARN__DUPLICATE_METHOD_MATCH = YES;
				COPY_PHASE_STRIP = NO;
				DEBUG_INFORMATION_FORMAT = "dwarf-with-dsym";
				ENABLE_NS_ASSERTIONS = NO;
				ENABLE_STRICT_OBJC_MSGSEND = YES;
				GCC_C_LANGUAGE_STANDARD = gnu11;
				GCC_NO_COMMON_BLOCKS = YES;
				GCC_WARN_64_TO_32_BIT_CONVERSION = YES;
				GCC_WARN_ABOUT_RETURN_TYPE = YES_ERROR;
				GCC_WARN_UNDECLARED_SELECTOR = YES;
				GCC_WARN_UNINITIALIZED_AUTOS = YES_AGGRESSIVE;
				GCC_WARN_UNUSED_FUNCTION = YES;
				GCC_WARN_UNUSED_VARIABLE = YES;
				IPHONEOS_DEPLOYMENT_TARGET = 16.4;
				MTL_ENABLE_DEBUG_INFO = NO;
				MTL_FAST_MATH = YES;
				SDKROOT = iphoneos;
				SWIFT_COMPILATION_MODE = wholemodule;
				SWIFT_OPTIMIZATION_LEVEL = "-O";
				VALIDATE_PRODUCT = YES;
			};
			name = Release;
		};
		CDB8A5082B4139C300066840 /* Debug */ = {
			isa = XCBuildConfiguration;
			buildSettings = {
				ASSETCATALOG_COMPILER_APPICON_NAME = AppIcon;
				ASSETCATALOG_COMPILER_GLOBAL_ACCENT_COLOR_NAME = AccentColor;
				CODE_SIGN_STYLE = Automatic;
				CURRENT_PROJECT_VERSION = 1;
				GENERATE_INFOPLIST_FILE = YES;
				INFOPLIST_FILE = EssentialApp/Info.plist;
				INFOPLIST_KEY_UIApplicationSupportsIndirectInputEvents = YES;
				INFOPLIST_KEY_UILaunchStoryboardName = LaunchScreen;
				INFOPLIST_KEY_UIMainStoryboardFile = Main;
				INFOPLIST_KEY_UISupportedInterfaceOrientations = UIInterfaceOrientationPortrait;
				INFOPLIST_KEY_UISupportedInterfaceOrientations_iPad = "UIInterfaceOrientationLandscapeLeft UIInterfaceOrientationLandscapeRight UIInterfaceOrientationPortrait UIInterfaceOrientationPortraitUpsideDown";
				LD_RUNPATH_SEARCH_PATHS = (
					"$(inherited)",
					"@executable_path/Frameworks",
				);
				MARKETING_VERSION = 1.0;
				PRODUCT_BUNDLE_IDENTIFIER = com.robingarg.EssentialApp;
				PRODUCT_NAME = "$(TARGET_NAME)";
				SUPPORTED_PLATFORMS = "iphoneos iphonesimulator";
				SUPPORTS_MACCATALYST = NO;
				SUPPORTS_MAC_DESIGNED_FOR_IPHONE_IPAD = NO;
				SWIFT_EMIT_LOC_STRINGS = YES;
				SWIFT_VERSION = 5.0;
				TARGETED_DEVICE_FAMILY = 1;
			};
			name = Debug;
		};
		CDB8A5092B4139C300066840 /* Release */ = {
			isa = XCBuildConfiguration;
			buildSettings = {
				ASSETCATALOG_COMPILER_APPICON_NAME = AppIcon;
				ASSETCATALOG_COMPILER_GLOBAL_ACCENT_COLOR_NAME = AccentColor;
				CODE_SIGN_STYLE = Automatic;
				CURRENT_PROJECT_VERSION = 1;
				GENERATE_INFOPLIST_FILE = YES;
				INFOPLIST_FILE = EssentialApp/Info.plist;
				INFOPLIST_KEY_UIApplicationSupportsIndirectInputEvents = YES;
				INFOPLIST_KEY_UILaunchStoryboardName = LaunchScreen;
				INFOPLIST_KEY_UIMainStoryboardFile = Main;
				INFOPLIST_KEY_UISupportedInterfaceOrientations = UIInterfaceOrientationPortrait;
				INFOPLIST_KEY_UISupportedInterfaceOrientations_iPad = "UIInterfaceOrientationLandscapeLeft UIInterfaceOrientationLandscapeRight UIInterfaceOrientationPortrait UIInterfaceOrientationPortraitUpsideDown";
				LD_RUNPATH_SEARCH_PATHS = (
					"$(inherited)",
					"@executable_path/Frameworks",
				);
				MARKETING_VERSION = 1.0;
				PRODUCT_BUNDLE_IDENTIFIER = com.robingarg.EssentialApp;
				PRODUCT_NAME = "$(TARGET_NAME)";
				SUPPORTED_PLATFORMS = "iphoneos iphonesimulator";
				SUPPORTS_MACCATALYST = NO;
				SUPPORTS_MAC_DESIGNED_FOR_IPHONE_IPAD = NO;
				SWIFT_EMIT_LOC_STRINGS = YES;
				SWIFT_VERSION = 5.0;
				TARGETED_DEVICE_FAMILY = 1;
			};
			name = Release;
		};
		CDB8A50B2B4139C300066840 /* Debug */ = {
			isa = XCBuildConfiguration;
			buildSettings = {
				ALWAYS_EMBED_SWIFT_STANDARD_LIBRARIES = YES;
				BUNDLE_LOADER = "$(TEST_HOST)";
				CODE_SIGN_STYLE = Automatic;
				CURRENT_PROJECT_VERSION = 1;
				GENERATE_INFOPLIST_FILE = YES;
				IPHONEOS_DEPLOYMENT_TARGET = 16.4;
				MARKETING_VERSION = 1.0;
				PRODUCT_BUNDLE_IDENTIFIER = com.robingarg.EssentialAppTests;
				PRODUCT_NAME = "$(TARGET_NAME)";
				SWIFT_EMIT_LOC_STRINGS = NO;
				SWIFT_VERSION = 5.0;
				TARGETED_DEVICE_FAMILY = "1,2";
				TEST_HOST = "$(BUILT_PRODUCTS_DIR)/EssentialApp.app/$(BUNDLE_EXECUTABLE_FOLDER_PATH)/EssentialApp";
			};
			name = Debug;
		};
		CDB8A50C2B4139C300066840 /* Release */ = {
			isa = XCBuildConfiguration;
			buildSettings = {
				ALWAYS_EMBED_SWIFT_STANDARD_LIBRARIES = YES;
				BUNDLE_LOADER = "$(TEST_HOST)";
				CODE_SIGN_STYLE = Automatic;
				CURRENT_PROJECT_VERSION = 1;
				GENERATE_INFOPLIST_FILE = YES;
				IPHONEOS_DEPLOYMENT_TARGET = 16.4;
				MARKETING_VERSION = 1.0;
				PRODUCT_BUNDLE_IDENTIFIER = com.robingarg.EssentialAppTests;
				PRODUCT_NAME = "$(TARGET_NAME)";
				SWIFT_EMIT_LOC_STRINGS = NO;
				SWIFT_VERSION = 5.0;
				TARGETED_DEVICE_FAMILY = "1,2";
				TEST_HOST = "$(BUILT_PRODUCTS_DIR)/EssentialApp.app/$(BUNDLE_EXECUTABLE_FOLDER_PATH)/EssentialApp";
			};
			name = Release;
		};
		CDC458D72B63D5F100023D31 /* Debug */ = {
			isa = XCBuildConfiguration;
			buildSettings = {
				CODE_SIGN_STYLE = Automatic;
				CURRENT_PROJECT_VERSION = 1;
				GENERATE_INFOPLIST_FILE = YES;
				MARKETING_VERSION = 1.0;
				PRODUCT_BUNDLE_IDENTIFIER = com.robingarg.EssentialAppUIAcceptanceTests;
				PRODUCT_NAME = "$(TARGET_NAME)";
				SWIFT_EMIT_LOC_STRINGS = NO;
				SWIFT_VERSION = 5.0;
				TARGETED_DEVICE_FAMILY = "1,2";
				TEST_TARGET_NAME = EssentialApp;
			};
			name = Debug;
		};
		CDC458D82B63D5F100023D31 /* Release */ = {
			isa = XCBuildConfiguration;
			buildSettings = {
				CODE_SIGN_STYLE = Automatic;
				CURRENT_PROJECT_VERSION = 1;
				GENERATE_INFOPLIST_FILE = YES;
				MARKETING_VERSION = 1.0;
				PRODUCT_BUNDLE_IDENTIFIER = com.robingarg.EssentialAppUIAcceptanceTests;
				PRODUCT_NAME = "$(TARGET_NAME)";
				SWIFT_EMIT_LOC_STRINGS = NO;
				SWIFT_VERSION = 5.0;
				TARGETED_DEVICE_FAMILY = "1,2";
				TEST_TARGET_NAME = EssentialApp;
			};
			name = Release;
		};
/* End XCBuildConfiguration section */

/* Begin XCConfigurationList section */
		CDB8A4D82B4139C000066840 /* Build configuration list for PBXProject "EssentialApp" */ = {
			isa = XCConfigurationList;
			buildConfigurations = (
				CDB8A5052B4139C300066840 /* Debug */,
				CDB8A5062B4139C300066840 /* Release */,
			);
			defaultConfigurationIsVisible = 0;
			defaultConfigurationName = Release;
		};
		CDB8A5072B4139C300066840 /* Build configuration list for PBXNativeTarget "EssentialApp" */ = {
			isa = XCConfigurationList;
			buildConfigurations = (
				CDB8A5082B4139C300066840 /* Debug */,
				CDB8A5092B4139C300066840 /* Release */,
			);
			defaultConfigurationIsVisible = 0;
			defaultConfigurationName = Release;
		};
		CDB8A50A2B4139C300066840 /* Build configuration list for PBXNativeTarget "EssentialAppTests" */ = {
			isa = XCConfigurationList;
			buildConfigurations = (
				CDB8A50B2B4139C300066840 /* Debug */,
				CDB8A50C2B4139C300066840 /* Release */,
			);
			defaultConfigurationIsVisible = 0;
			defaultConfigurationName = Release;
		};
		CDC458D92B63D5F100023D31 /* Build configuration list for PBXNativeTarget "EssentialAppUIAcceptanceTests" */ = {
			isa = XCConfigurationList;
			buildConfigurations = (
				CDC458D72B63D5F100023D31 /* Debug */,
				CDC458D82B63D5F100023D31 /* Release */,
			);
			defaultConfigurationIsVisible = 0;
			defaultConfigurationName = Release;
		};
/* End XCConfigurationList section */
	};
	rootObject = CDB8A4D52B4139C000066840 /* Project object */;
}
